PODS:
  - Alamofire (4.4.0)
  - Kingfisher (3.6.1)
  - ObjectMapper (2.2.5)
  - PKHUD (4.2.1)
  - SnapKit (3.2.0)
  - TTADataPickerView (0.2.0)
  - TTARefresher (0.1.0)

DEPENDENCIES:
  - Alamofire
  - Kingfisher
  - ObjectMapper
  - PKHUD
  - SnapKit
  - TTADataPickerView (from `/Users/tobyotenma/Developer/Git/GitHub/TTADataPickerView`)
  - TTARefresher (from `/Users/tobyotenma/Developer/Git/GitHub/TTARefresher`)

EXTERNAL SOURCES:
  TTADataPickerView:
    :path: "/Users/tobyotenma/Developer/Git/GitHub/TTADataPickerView"
  TTARefresher:
    :path: "/Users/tobyotenma/Developer/Git/GitHub/TTARefresher"

SPEC CHECKSUMS:
  Alamofire: dc44b1600b800eb63da6a19039a0083d62a6a62d
  Kingfisher: 2f31cb75f3e98d3d4c406cbdcd9b263e956cfa67
  ObjectMapper: fb30f71e08470d1e5a20b199fafe1246281db898
  PKHUD: 957ce2a68b3c97a51839b30216120c1dbc0c3a78
  SnapKit: 1ca44df72cfa543218d177cb8aab029d10d86ea7
  TTADataPickerView: 77aabb05d0c42451129f7b7896787b8fda10b793
  TTARefresher: 71e27313d35c91c0a568e82f73a47bcca5fe41b1

PODFILE CHECKSUM: 71ccb02c16187cb1903e1aa46066029f03ab7146

COCOAPODS: 1.2.1
