// !$*UTF8*$!
{
	archiveVersion = 1;
	classes = {
	};
	objectVersion = 46;
	objects = {

/* Begin PBXBuildFile section */
		703AA8413B8B0AC32A6BFC6B /* Pods_TTAUtils_Swift.framework in Frameworks */ = {isa = PBXBuildFile; fileRef = 23F7E36E997E1B1AD28BAD01 /* Pods_TTAUtils_Swift.framework */; };
		790671A21E825A08003C27D1 /* TTAWebViewController.swift in Sources */ = {isa = PBXBuildFile; fileRef = 790671A11E825A08003C27D1 /* TTAWebViewController.swift */; };
		790671A41E826EEF003C27D1 /* Test.html in Resources */ = {isa = PBXBuildFile; fileRef = 790671A31E826EEF003C27D1 /* Test.html */; };
		790671A61E8283C0003C27D1 /* TTAWebViewController+UI.swift in Sources */ = {isa = PBXBuildFile; fileRef = 790671A51E8283C0003C27D1 /* TTAWebViewController+UI.swift */; };
		790671A81E82844A003C27D1 /* WeakScriptMessageHandler.swift in Sources */ = {isa = PBXBuildFile; fileRef = 790671A71E82844A003C27D1 /* WeakScriptMessageHandler.swift */; };
		790671AA1E828645003C27D1 /* TTAWebViewController+WKScriptMessageHandler.swift in Sources */ = {isa = PBXBuildFile; fileRef = 790671A91E828645003C27D1 /* TTAWebViewController+WKScriptMessageHandler.swift */; };
		790671AC1E82866F003C27D1 /* TTAWebViewController+WKUIDelegate.swift in Sources */ = {isa = PBXBuildFile; fileRef = 790671AB1E82866F003C27D1 /* TTAWebViewController+WKUIDelegate.swift */; };
		790671AE1E828696003C27D1 /* TTAWebViewController+WKNavigationDelegate.swift in Sources */ = {isa = PBXBuildFile; fileRef = 790671AD1E828696003C27D1 /* TTAWebViewController+WKNavigationDelegate.swift */; };
		790F3B911E77B583003AF340 /* NetworkTest.swift in Sources */ = {isa = PBXBuildFile; fileRef = 790F3B901E77B583003AF340 /* NetworkTest.swift */; };
		792632061E78E5C100B8A391 /* ApiManager.swift in Sources */ = {isa = PBXBuildFile; fileRef = 792632041E78E5C100B8A391 /* ApiManager.swift */; };
		792632071E78E5C100B8A391 /* ApiResponse.swift in Sources */ = {isa = PBXBuildFile; fileRef = 792632051E78E5C100B8A391 /* ApiResponse.swift */; };
		792632091E78EF5500B8A391 /* MainService.swift in Sources */ = {isa = PBXBuildFile; fileRef = 792632081E78EF5500B8A391 /* MainService.swift */; };
		793C57621E69460F002F7093 /* UIButton+Extension.swift in Sources */ = {isa = PBXBuildFile; fileRef = 793C57611E69460F002F7093 /* UIButton+Extension.swift */; };
		793C57641E6946C1002F7093 /* UILabel+Extension.swift in Sources */ = {isa = PBXBuildFile; fileRef = 793C57631E6946C1002F7093 /* UILabel+Extension.swift */; };
		793C57661E69470D002F7093 /* UIImageView+Extension.swift in Sources */ = {isa = PBXBuildFile; fileRef = 793C57651E69470D002F7093 /* UIImageView+Extension.swift */; };
		793C57681E694765002F7093 /* NSBundle+Extension.swift in Sources */ = {isa = PBXBuildFile; fileRef = 793C57671E694765002F7093 /* NSBundle+Extension.swift */; };
		793C576A1E6947C0002F7093 /* NSDate+Extension.swift in Sources */ = {isa = PBXBuildFile; fileRef = 793C57691E6947C0002F7093 /* NSDate+Extension.swift */; };
		795A65801E88FE020003071A /* HudProgressTableViewController.swift in Sources */ = {isa = PBXBuildFile; fileRef = 795A657F1E88FE020003071A /* HudProgressTableViewController.swift */; };
		795A65831E8902040003071A /* TTAHUD.swift in Sources */ = {isa = PBXBuildFile; fileRef = 795A65821E8902040003071A /* TTAHUD.swift */; };
		79675FF91E681F8000A66400 /* Assets.xcassets in Resources */ = {isa = PBXBuildFile; fileRef = 79675FF81E681F8000A66400 /* Assets.xcassets */; };
		79675FFC1E681F8000A66400 /* LaunchScreen.storyboard in Resources */ = {isa = PBXBuildFile; fileRef = 79675FFA1E681F8000A66400 /* LaunchScreen.storyboard */; };
		796760071E681F8000A66400 /* TTAUtils_SwiftTests.swift in Sources */ = {isa = PBXBuildFile; fileRef = 796760061E681F8000A66400 /* TTAUtils_SwiftTests.swift */; };
		796760121E681F8000A66400 /* TTAUtils_SwiftUITests.swift in Sources */ = {isa = PBXBuildFile; fileRef = 796760111E681F8000A66400 /* TTAUtils_SwiftUITests.swift */; };
		796760211E681FDB00A66400 /* AppDelegate.swift in Sources */ = {isa = PBXBuildFile; fileRef = 796760201E681FDB00A66400 /* AppDelegate.swift */; };
		796760321E681FF700A66400 /* CartViewController.swift in Sources */ = {isa = PBXBuildFile; fileRef = 796760241E681FF700A66400 /* CartViewController.swift */; };
		796760331E681FF700A66400 /* CategoryViewController.swift in Sources */ = {isa = PBXBuildFile; fileRef = 796760261E681FF700A66400 /* CategoryViewController.swift */; };
		796760341E681FF700A66400 /* HomeViewController.swift in Sources */ = {isa = PBXBuildFile; fileRef = 796760281E681FF700A66400 /* HomeViewController.swift */; };
		796760351E681FF700A66400 /* MineViewController.swift in Sources */ = {isa = PBXBuildFile; fileRef = 7967602A1E681FF700A66400 /* MineViewController.swift */; };
		796760361E681FF700A66400 /* CostumConfiguration.swift in Sources */ = {isa = PBXBuildFile; fileRef = 7967602B1E681FF700A66400 /* CostumConfiguration.swift */; };
		796760371E681FF700A66400 /* CostumViewControllers.swift in Sources */ = {isa = PBXBuildFile; fileRef = 7967602C1E681FF700A66400 /* CostumViewControllers.swift */; };
		796760381E681FF700A66400 /* MainTabBarController.swift in Sources */ = {isa = PBXBuildFile; fileRef = 7967602D1E681FF700A66400 /* MainTabBarController.swift */; };
		796760391E681FF700A66400 /* GlobalFunctions.swift in Sources */ = {isa = PBXBuildFile; fileRef = 7967602F1E681FF700A66400 /* GlobalFunctions.swift */; };
		7967603A1E681FF700A66400 /* LanguageTool.swift in Sources */ = {isa = PBXBuildFile; fileRef = 796760311E681FF700A66400 /* LanguageTool.swift */; };
		796760401E68222000A66400 /* NSString+Extension.swift in Sources */ = {isa = PBXBuildFile; fileRef = 7967603C1E68222000A66400 /* NSString+Extension.swift */; };
		796760411E68222000A66400 /* UIColor+Extension.swift in Sources */ = {isa = PBXBuildFile; fileRef = 7967603D1E68222000A66400 /* UIColor+Extension.swift */; };
		796760421E68222000A66400 /* UIImage+Extension.swift in Sources */ = {isa = PBXBuildFile; fileRef = 7967603E1E68222000A66400 /* UIImage+Extension.swift */; };
		796760431E68222000A66400 /* UIView+Extension.swift in Sources */ = {isa = PBXBuildFile; fileRef = 7967603F1E68222000A66400 /* UIView+Extension.swift */; };
		796760491E68230600A66400 /* InfoPlist.strings in Resources */ = {isa = PBXBuildFile; fileRef = 7967604B1E68230600A66400 /* InfoPlist.strings */; };
		7967604D1E68232900A66400 /* Localizable.strings in Resources */ = {isa = PBXBuildFile; fileRef = 7967604F1E68232900A66400 /* Localizable.strings */; };
		79E985D21E72D4CD00D76A95 /* BaseProtocol.swift in Sources */ = {isa = PBXBuildFile; fileRef = 79E985C31E72D4CD00D76A95 /* BaseProtocol.swift */; };
		79E985D31E72D4CD00D76A95 /* BannerModel.swift in Sources */ = {isa = PBXBuildFile; fileRef = 79E985C51E72D4CD00D76A95 /* BannerModel.swift */; };
		79E985D71E72D4CD00D76A95 /* BannerView.swift in Sources */ = {isa = PBXBuildFile; fileRef = 79E985CE1E72D4CD00D76A95 /* BannerView.swift */; };
		79E985D81E72D4CD00D76A95 /* PublicView.swift in Sources */ = {isa = PBXBuildFile; fileRef = 79E985CF1E72D4CD00D76A95 /* PublicView.swift */; };
		79E985D91E72D4CD00D76A95 /* SelectView.swift in Sources */ = {isa = PBXBuildFile; fileRef = 79E985D01E72D4CD00D76A95 /* SelectView.swift */; };
		79E985DB1E72FB3500D76A95 /* DataPickerViewController.swift in Sources */ = {isa = PBXBuildFile; fileRef = 79E985DA1E72FB3500D76A95 /* DataPickerViewController.swift */; };
		CEF320595AE1E0DD16925E64 /* Pods_TTAUtils_SwiftTests.framework in Frameworks */ = {isa = PBXBuildFile; fileRef = 8A24BF80691E919F55ADF8F1 /* Pods_TTAUtils_SwiftTests.framework */; };
		D1518BEB35CE5ED2B0715C8A /* Pods_TTAUtils_SwiftUITests.framework in Frameworks */ = {isa = PBXBuildFile; fileRef = B5C46B02D569460137863AA0 /* Pods_TTAUtils_SwiftUITests.framework */; };
/* End PBXBuildFile section */

/* Begin PBXContainerItemProxy section */
		796760031E681F8000A66400 /* PBXContainerItemProxy */ = {
			isa = PBXContainerItemProxy;
			containerPortal = 79675FE61E681F8000A66400 /* Project object */;
			proxyType = 1;
			remoteGlobalIDString = 79675FED1E681F8000A66400;
			remoteInfo = TTAUtils_Swift;
		};
		7967600E1E681F8000A66400 /* PBXContainerItemProxy */ = {
			isa = PBXContainerItemProxy;
			containerPortal = 79675FE61E681F8000A66400 /* Project object */;
			proxyType = 1;
			remoteGlobalIDString = 79675FED1E681F8000A66400;
			remoteInfo = TTAUtils_Swift;
		};
/* End PBXContainerItemProxy section */

/* Begin PBXFileReference section */
		23C3D0CD285F6EDEF1DFF398 /* Pods-TTAUtils_Swift.debug.xcconfig */ = {isa = PBXFileReference; includeInIndex = 1; lastKnownFileType = text.xcconfig; name = "Pods-TTAUtils_Swift.debug.xcconfig"; path = "Pods/Target Support Files/Pods-TTAUtils_Swift/Pods-TTAUtils_Swift.debug.xcconfig"; sourceTree = "<group>"; };
		23F7E36E997E1B1AD28BAD01 /* Pods_TTAUtils_Swift.framework */ = {isa = PBXFileReference; explicitFileType = wrapper.framework; includeInIndex = 0; path = Pods_TTAUtils_Swift.framework; sourceTree = BUILT_PRODUCTS_DIR; };
		2736560FCD96B35DFD530688 /* Pods-TTAUtils_SwiftUITests.release.xcconfig */ = {isa = PBXFileReference; includeInIndex = 1; lastKnownFileType = text.xcconfig; name = "Pods-TTAUtils_SwiftUITests.release.xcconfig"; path = "Pods/Target Support Files/Pods-TTAUtils_SwiftUITests/Pods-TTAUtils_SwiftUITests.release.xcconfig"; sourceTree = "<group>"; };
		466F2560CF23E79C6C262B31 /* Pods-TTAUtils_Swift.release.xcconfig */ = {isa = PBXFileReference; includeInIndex = 1; lastKnownFileType = text.xcconfig; name = "Pods-TTAUtils_Swift.release.xcconfig"; path = "Pods/Target Support Files/Pods-TTAUtils_Swift/Pods-TTAUtils_Swift.release.xcconfig"; sourceTree = "<group>"; };
		6D36BC0FF968F2A6596CDA8D /* Pods-TTAUtils_SwiftUITests.debug.xcconfig */ = {isa = PBXFileReference; includeInIndex = 1; lastKnownFileType = text.xcconfig; name = "Pods-TTAUtils_SwiftUITests.debug.xcconfig"; path = "Pods/Target Support Files/Pods-TTAUtils_SwiftUITests/Pods-TTAUtils_SwiftUITests.debug.xcconfig"; sourceTree = "<group>"; };
		790671A11E825A08003C27D1 /* TTAWebViewController.swift */ = {isa = PBXFileReference; fileEncoding = 4; lastKnownFileType = sourcecode.swift; path = TTAWebViewController.swift; sourceTree = "<group>"; };
		790671A31E826EEF003C27D1 /* Test.html */ = {isa = PBXFileReference; fileEncoding = 4; lastKnownFileType = text.html; path = Test.html; sourceTree = "<group>"; };
		790671A51E8283C0003C27D1 /* TTAWebViewController+UI.swift */ = {isa = PBXFileReference; fileEncoding = 4; lastKnownFileType = sourcecode.swift; path = "TTAWebViewController+UI.swift"; sourceTree = "<group>"; };
		790671A71E82844A003C27D1 /* WeakScriptMessageHandler.swift */ = {isa = PBXFileReference; fileEncoding = 4; lastKnownFileType = sourcecode.swift; path = WeakScriptMessageHandler.swift; sourceTree = "<group>"; };
		790671A91E828645003C27D1 /* TTAWebViewController+WKScriptMessageHandler.swift */ = {isa = PBXFileReference; fileEncoding = 4; lastKnownFileType = sourcecode.swift; path = "TTAWebViewController+WKScriptMessageHandler.swift"; sourceTree = "<group>"; };
		790671AB1E82866F003C27D1 /* TTAWebViewController+WKUIDelegate.swift */ = {isa = PBXFileReference; fileEncoding = 4; lastKnownFileType = sourcecode.swift; path = "TTAWebViewController+WKUIDelegate.swift"; sourceTree = "<group>"; };
		790671AD1E828696003C27D1 /* TTAWebViewController+WKNavigationDelegate.swift */ = {isa = PBXFileReference; fileEncoding = 4; lastKnownFileType = sourcecode.swift; path = "TTAWebViewController+WKNavigationDelegate.swift"; sourceTree = "<group>"; };
		790F3B901E77B583003AF340 /* NetworkTest.swift */ = {isa = PBXFileReference; fileEncoding = 4; lastKnownFileType = sourcecode.swift; path = NetworkTest.swift; sourceTree = "<group>"; };
		792632041E78E5C100B8A391 /* ApiManager.swift */ = {isa = PBXFileReference; fileEncoding = 4; lastKnownFileType = sourcecode.swift; path = ApiManager.swift; sourceTree = "<group>"; };
		792632051E78E5C100B8A391 /* ApiResponse.swift */ = {isa = PBXFileReference; fileEncoding = 4; lastKnownFileType = sourcecode.swift; path = ApiResponse.swift; sourceTree = "<group>"; };
		792632081E78EF5500B8A391 /* MainService.swift */ = {isa = PBXFileReference; fileEncoding = 4; lastKnownFileType = sourcecode.swift; path = MainService.swift; sourceTree = "<group>"; };
		793C57611E69460F002F7093 /* UIButton+Extension.swift */ = {isa = PBXFileReference; fileEncoding = 4; lastKnownFileType = sourcecode.swift; path = "UIButton+Extension.swift"; sourceTree = "<group>"; };
		793C57631E6946C1002F7093 /* UILabel+Extension.swift */ = {isa = PBXFileReference; fileEncoding = 4; lastKnownFileType = sourcecode.swift; path = "UILabel+Extension.swift"; sourceTree = "<group>"; };
		793C57651E69470D002F7093 /* UIImageView+Extension.swift */ = {isa = PBXFileReference; fileEncoding = 4; lastKnownFileType = sourcecode.swift; path = "UIImageView+Extension.swift"; sourceTree = "<group>"; };
		793C57671E694765002F7093 /* NSBundle+Extension.swift */ = {isa = PBXFileReference; fileEncoding = 4; lastKnownFileType = sourcecode.swift; path = "NSBundle+Extension.swift"; sourceTree = "<group>"; };
		793C57691E6947C0002F7093 /* NSDate+Extension.swift */ = {isa = PBXFileReference; fileEncoding = 4; lastKnownFileType = sourcecode.swift; path = "NSDate+Extension.swift"; sourceTree = "<group>"; };
		795A657F1E88FE020003071A /* HudProgressTableViewController.swift */ = {isa = PBXFileReference; fileEncoding = 4; lastKnownFileType = sourcecode.swift; path = HudProgressTableViewController.swift; sourceTree = "<group>"; };
		795A65821E8902040003071A /* TTAHUD.swift */ = {isa = PBXFileReference; fileEncoding = 4; lastKnownFileType = sourcecode.swift; path = TTAHUD.swift; sourceTree = "<group>"; };
		79675FEE1E681F8000A66400 /* TTAUtils_Swift.app */ = {isa = PBXFileReference; explicitFileType = wrapper.application; includeInIndex = 0; path = TTAUtils_Swift.app; sourceTree = BUILT_PRODUCTS_DIR; };
		79675FF81E681F8000A66400 /* Assets.xcassets */ = {isa = PBXFileReference; lastKnownFileType = folder.assetcatalog; path = Assets.xcassets; sourceTree = "<group>"; };
		79675FFB1E681F8000A66400 /* Base */ = {isa = PBXFileReference; lastKnownFileType = file.storyboard; name = Base; path = Base.lproj/LaunchScreen.storyboard; sourceTree = "<group>"; };
		79675FFD1E681F8000A66400 /* Info.plist */ = {isa = PBXFileReference; lastKnownFileType = text.plist.xml; path = Info.plist; sourceTree = "<group>"; };
		796760021E681F8000A66400 /* TTAUtils_SwiftTests.xctest */ = {isa = PBXFileReference; explicitFileType = wrapper.cfbundle; includeInIndex = 0; path = TTAUtils_SwiftTests.xctest; sourceTree = BUILT_PRODUCTS_DIR; };
		796760061E681F8000A66400 /* TTAUtils_SwiftTests.swift */ = {isa = PBXFileReference; lastKnownFileType = sourcecode.swift; path = TTAUtils_SwiftTests.swift; sourceTree = "<group>"; };
		796760081E681F8000A66400 /* Info.plist */ = {isa = PBXFileReference; lastKnownFileType = text.plist.xml; path = Info.plist; sourceTree = "<group>"; };
		7967600D1E681F8000A66400 /* TTAUtils_SwiftUITests.xctest */ = {isa = PBXFileReference; explicitFileType = wrapper.cfbundle; includeInIndex = 0; path = TTAUtils_SwiftUITests.xctest; sourceTree = BUILT_PRODUCTS_DIR; };
		796760111E681F8000A66400 /* TTAUtils_SwiftUITests.swift */ = {isa = PBXFileReference; lastKnownFileType = sourcecode.swift; path = TTAUtils_SwiftUITests.swift; sourceTree = "<group>"; };
		796760131E681F8000A66400 /* Info.plist */ = {isa = PBXFileReference; lastKnownFileType = text.plist.xml; path = Info.plist; sourceTree = "<group>"; };
		7967601F1E681FDA00A66400 /* TTAUtils_Swift-Bridging-Header.h */ = {isa = PBXFileReference; lastKnownFileType = sourcecode.c.h; path = "TTAUtils_Swift-Bridging-Header.h"; sourceTree = "<group>"; };
		796760201E681FDB00A66400 /* AppDelegate.swift */ = {isa = PBXFileReference; fileEncoding = 4; lastKnownFileType = sourcecode.swift; path = AppDelegate.swift; sourceTree = "<group>"; };
		796760241E681FF700A66400 /* CartViewController.swift */ = {isa = PBXFileReference; fileEncoding = 4; lastKnownFileType = sourcecode.swift; path = CartViewController.swift; sourceTree = "<group>"; };
		796760261E681FF700A66400 /* CategoryViewController.swift */ = {isa = PBXFileReference; fileEncoding = 4; lastKnownFileType = sourcecode.swift; path = CategoryViewController.swift; sourceTree = "<group>"; };
		796760281E681FF700A66400 /* HomeViewController.swift */ = {isa = PBXFileReference; fileEncoding = 4; lastKnownFileType = sourcecode.swift; path = HomeViewController.swift; sourceTree = "<group>"; };
		7967602A1E681FF700A66400 /* MineViewController.swift */ = {isa = PBXFileReference; fileEncoding = 4; lastKnownFileType = sourcecode.swift; path = MineViewController.swift; sourceTree = "<group>"; };
		7967602B1E681FF700A66400 /* CostumConfiguration.swift */ = {isa = PBXFileReference; fileEncoding = 4; lastKnownFileType = sourcecode.swift; path = CostumConfiguration.swift; sourceTree = "<group>"; };
		7967602C1E681FF700A66400 /* CostumViewControllers.swift */ = {isa = PBXFileReference; fileEncoding = 4; lastKnownFileType = sourcecode.swift; path = CostumViewControllers.swift; sourceTree = "<group>"; };
		7967602D1E681FF700A66400 /* MainTabBarController.swift */ = {isa = PBXFileReference; fileEncoding = 4; lastKnownFileType = sourcecode.swift; path = MainTabBarController.swift; sourceTree = "<group>"; };
		7967602F1E681FF700A66400 /* GlobalFunctions.swift */ = {isa = PBXFileReference; fileEncoding = 4; lastKnownFileType = sourcecode.swift; path = GlobalFunctions.swift; sourceTree = "<group>"; };
		796760311E681FF700A66400 /* LanguageTool.swift */ = {isa = PBXFileReference; fileEncoding = 4; lastKnownFileType = sourcecode.swift; path = LanguageTool.swift; sourceTree = "<group>"; };
		7967603C1E68222000A66400 /* NSString+Extension.swift */ = {isa = PBXFileReference; fileEncoding = 4; lastKnownFileType = sourcecode.swift; path = "NSString+Extension.swift"; sourceTree = "<group>"; };
		7967603D1E68222000A66400 /* UIColor+Extension.swift */ = {isa = PBXFileReference; fileEncoding = 4; lastKnownFileType = sourcecode.swift; path = "UIColor+Extension.swift"; sourceTree = "<group>"; };
		7967603E1E68222000A66400 /* UIImage+Extension.swift */ = {isa = PBXFileReference; fileEncoding = 4; lastKnownFileType = sourcecode.swift; path = "UIImage+Extension.swift"; sourceTree = "<group>"; };
		7967603F1E68222000A66400 /* UIView+Extension.swift */ = {isa = PBXFileReference; fileEncoding = 4; lastKnownFileType = sourcecode.swift; path = "UIView+Extension.swift"; sourceTree = "<group>"; };
		796760481E6822F400A66400 /* zh-Hans */ = {isa = PBXFileReference; lastKnownFileType = text.plist.strings; name = "zh-Hans"; path = "zh-Hans.lproj/LaunchScreen.strings"; sourceTree = "<group>"; };
		7967604A1E68230600A66400 /* en */ = {isa = PBXFileReference; lastKnownFileType = text.plist.strings; name = en; path = en.lproj/InfoPlist.strings; sourceTree = "<group>"; };
		7967604C1E68230900A66400 /* zh-Hans */ = {isa = PBXFileReference; lastKnownFileType = text.plist.strings; name = "zh-Hans"; path = "zh-Hans.lproj/InfoPlist.strings"; sourceTree = "<group>"; };
		7967604E1E68232900A66400 /* en */ = {isa = PBXFileReference; lastKnownFileType = text.plist.strings; name = en; path = en.lproj/Localizable.strings; sourceTree = "<group>"; };
		796760501E68232B00A66400 /* zh-Hans */ = {isa = PBXFileReference; lastKnownFileType = text.plist.strings; name = "zh-Hans"; path = "zh-Hans.lproj/Localizable.strings"; sourceTree = "<group>"; };
		79E985C31E72D4CD00D76A95 /* BaseProtocol.swift */ = {isa = PBXFileReference; fileEncoding = 4; lastKnownFileType = sourcecode.swift; path = BaseProtocol.swift; sourceTree = "<group>"; };
		79E985C51E72D4CD00D76A95 /* BannerModel.swift */ = {isa = PBXFileReference; fileEncoding = 4; lastKnownFileType = sourcecode.swift; path = BannerModel.swift; sourceTree = "<group>"; };
		79E985CE1E72D4CD00D76A95 /* BannerView.swift */ = {isa = PBXFileReference; fileEncoding = 4; lastKnownFileType = sourcecode.swift; path = BannerView.swift; sourceTree = "<group>"; };
		79E985CF1E72D4CD00D76A95 /* PublicView.swift */ = {isa = PBXFileReference; fileEncoding = 4; lastKnownFileType = sourcecode.swift; path = PublicView.swift; sourceTree = "<group>"; };
		79E985D01E72D4CD00D76A95 /* SelectView.swift */ = {isa = PBXFileReference; fileEncoding = 4; lastKnownFileType = sourcecode.swift; path = SelectView.swift; sourceTree = "<group>"; };
		79E985DA1E72FB3500D76A95 /* DataPickerViewController.swift */ = {isa = PBXFileReference; fileEncoding = 4; lastKnownFileType = sourcecode.swift; path = DataPickerViewController.swift; sourceTree = "<group>"; };
		8423B5B9B23298082F78D2BC /* Pods-TTAUtils_SwiftTests.release.xcconfig */ = {isa = PBXFileReference; includeInIndex = 1; lastKnownFileType = text.xcconfig; name = "Pods-TTAUtils_SwiftTests.release.xcconfig"; path = "Pods/Target Support Files/Pods-TTAUtils_SwiftTests/Pods-TTAUtils_SwiftTests.release.xcconfig"; sourceTree = "<group>"; };
		8A24BF80691E919F55ADF8F1 /* Pods_TTAUtils_SwiftTests.framework */ = {isa = PBXFileReference; explicitFileType = wrapper.framework; includeInIndex = 0; path = Pods_TTAUtils_SwiftTests.framework; sourceTree = BUILT_PRODUCTS_DIR; };
		B5C46B02D569460137863AA0 /* Pods_TTAUtils_SwiftUITests.framework */ = {isa = PBXFileReference; explicitFileType = wrapper.framework; includeInIndex = 0; path = Pods_TTAUtils_SwiftUITests.framework; sourceTree = BUILT_PRODUCTS_DIR; };
		DE1DA13B6E23BB4AEABFCB29 /* Pods-TTAUtils_SwiftTests.debug.xcconfig */ = {isa = PBXFileReference; includeInIndex = 1; lastKnownFileType = text.xcconfig; name = "Pods-TTAUtils_SwiftTests.debug.xcconfig"; path = "Pods/Target Support Files/Pods-TTAUtils_SwiftTests/Pods-TTAUtils_SwiftTests.debug.xcconfig"; sourceTree = "<group>"; };
/* End PBXFileReference section */

/* Begin PBXFrameworksBuildPhase section */
		79675FEB1E681F8000A66400 /* Frameworks */ = {
			isa = PBXFrameworksBuildPhase;
			buildActionMask = 2147483647;
			files = (
				703AA8413B8B0AC32A6BFC6B /* Pods_TTAUtils_Swift.framework in Frameworks */,
			);
			runOnlyForDeploymentPostprocessing = 0;
		};
		79675FFF1E681F8000A66400 /* Frameworks */ = {
			isa = PBXFrameworksBuildPhase;
			buildActionMask = 2147483647;
			files = (
				CEF320595AE1E0DD16925E64 /* Pods_TTAUtils_SwiftTests.framework in Frameworks */,
			);
			runOnlyForDeploymentPostprocessing = 0;
		};
		7967600A1E681F8000A66400 /* Frameworks */ = {
			isa = PBXFrameworksBuildPhase;
			buildActionMask = 2147483647;
			files = (
				D1518BEB35CE5ED2B0715C8A /* Pods_TTAUtils_SwiftUITests.framework in Frameworks */,
			);
			runOnlyForDeploymentPostprocessing = 0;
		};
/* End PBXFrameworksBuildPhase section */

/* Begin PBXGroup section */
		378F7C8DF546A2506F8BC17E /* Frameworks */ = {
			isa = PBXGroup;
			children = (
				23F7E36E997E1B1AD28BAD01 /* Pods_TTAUtils_Swift.framework */,
				8A24BF80691E919F55ADF8F1 /* Pods_TTAUtils_SwiftTests.framework */,
				B5C46B02D569460137863AA0 /* Pods_TTAUtils_SwiftUITests.framework */,
			);
			name = Frameworks;
			sourceTree = "<group>";
		};
		7540CA08AEEA138E8B6C22ED /* Pods */ = {
			isa = PBXGroup;
			children = (
				23C3D0CD285F6EDEF1DFF398 /* Pods-TTAUtils_Swift.debug.xcconfig */,
				466F2560CF23E79C6C262B31 /* Pods-TTAUtils_Swift.release.xcconfig */,
				DE1DA13B6E23BB4AEABFCB29 /* Pods-TTAUtils_SwiftTests.debug.xcconfig */,
				8423B5B9B23298082F78D2BC /* Pods-TTAUtils_SwiftTests.release.xcconfig */,
				6D36BC0FF968F2A6596CDA8D /* Pods-TTAUtils_SwiftUITests.debug.xcconfig */,
				2736560FCD96B35DFD530688 /* Pods-TTAUtils_SwiftUITests.release.xcconfig */,
			);
			name = Pods;
			sourceTree = "<group>";
		};
		790671A01E825991003C27D1 /* WebViewController */ = {
			isa = PBXGroup;
			children = (
				790671A11E825A08003C27D1 /* TTAWebViewController.swift */,
				790671A51E8283C0003C27D1 /* TTAWebViewController+UI.swift */,
				790671A91E828645003C27D1 /* TTAWebViewController+WKScriptMessageHandler.swift */,
				790671AD1E828696003C27D1 /* TTAWebViewController+WKNavigationDelegate.swift */,
				790671AB1E82866F003C27D1 /* TTAWebViewController+WKUIDelegate.swift */,
				790671A71E82844A003C27D1 /* WeakScriptMessageHandler.swift */,
			);
			path = WebViewController;
			sourceTree = "<group>";
		};
		792631FC1E78E56A00B8A391 /* Network */ = {
			isa = PBXGroup;
			children = (
				792632031E78E5C100B8A391 /* ApiManager */,
				792631FE1E78E56A00B8A391 /* ApiService */,
			);
			path = Network;
			sourceTree = "<group>";
		};
		792631FE1E78E56A00B8A391 /* ApiService */ = {
			isa = PBXGroup;
			children = (
				792632081E78EF5500B8A391 /* MainService.swift */,
			);
			path = ApiService;
			sourceTree = "<group>";
		};
		792632031E78E5C100B8A391 /* ApiManager */ = {
			isa = PBXGroup;
			children = (
				792632041E78E5C100B8A391 /* ApiManager.swift */,
				792632051E78E5C100B8A391 /* ApiResponse.swift */,
			);
			path = ApiManager;
			sourceTree = "<group>";
		};
		795A65811E8901F00003071A /* HUD */ = {
			isa = PBXGroup;
			children = (
				795A65821E8902040003071A /* TTAHUD.swift */,
			);
			path = HUD;
			sourceTree = "<group>";
		};
		79675FE51E681F8000A66400 = {
			isa = PBXGroup;
			children = (
				79675FF01E681F8000A66400 /* TTAUtils_Swift */,
				796760051E681F8000A66400 /* TTAUtils_SwiftTests */,
				796760101E681F8000A66400 /* TTAUtils_SwiftUITests */,
				79675FEF1E681F8000A66400 /* Products */,
				7540CA08AEEA138E8B6C22ED /* Pods */,
				378F7C8DF546A2506F8BC17E /* Frameworks */,
			);
			sourceTree = "<group>";
		};
		79675FEF1E681F8000A66400 /* Products */ = {
			isa = PBXGroup;
			children = (
				79675FEE1E681F8000A66400 /* TTAUtils_Swift.app */,
				796760021E681F8000A66400 /* TTAUtils_SwiftTests.xctest */,
				7967600D1E681F8000A66400 /* TTAUtils_SwiftUITests.xctest */,
			);
			name = Products;
			sourceTree = "<group>";
		};
		79675FF01E681F8000A66400 /* TTAUtils_Swift */ = {
			isa = PBXGroup;
			children = (
				796760221E681FF700A66400 /* Classes */,
				7967602E1E681FF700A66400 /* Utils */,
				796760201E681FDB00A66400 /* AppDelegate.swift */,
				7967602D1E681FF700A66400 /* MainTabBarController.swift */,
				7967602C1E681FF700A66400 /* CostumViewControllers.swift */,
				7967602B1E681FF700A66400 /* CostumConfiguration.swift */,
				79675FF81E681F8000A66400 /* Assets.xcassets */,
				79675FFA1E681F8000A66400 /* LaunchScreen.storyboard */,
				79675FFD1E681F8000A66400 /* Info.plist */,
				7967604B1E68230600A66400 /* InfoPlist.strings */,
				7967604F1E68232900A66400 /* Localizable.strings */,
				7967601F1E681FDA00A66400 /* TTAUtils_Swift-Bridging-Header.h */,
				790671A31E826EEF003C27D1 /* Test.html */,
			);
			path = TTAUtils_Swift;
			sourceTree = "<group>";
		};
		796760051E681F8000A66400 /* TTAUtils_SwiftTests */ = {
			isa = PBXGroup;
			children = (
				796760061E681F8000A66400 /* TTAUtils_SwiftTests.swift */,
				790F3B901E77B583003AF340 /* NetworkTest.swift */,
				796760081E681F8000A66400 /* Info.plist */,
			);
			path = TTAUtils_SwiftTests;
			sourceTree = "<group>";
		};
		796760101E681F8000A66400 /* TTAUtils_SwiftUITests */ = {
			isa = PBXGroup;
			children = (
				796760111E681F8000A66400 /* TTAUtils_SwiftUITests.swift */,
				796760131E681F8000A66400 /* Info.plist */,
			);
			path = TTAUtils_SwiftUITests;
			sourceTree = "<group>";
		};
		796760221E681FF700A66400 /* Classes */ = {
			isa = PBXGroup;
			children = (
				796760271E681FF700A66400 /* Home */,
				796760251E681FF700A66400 /* Category */,
				796760231E681FF700A66400 /* Cart */,
				796760291E681FF700A66400 /* Mine */,
				79E985C01E72D4CD00D76A95 /* Public */,
			);
			path = Classes;
			sourceTree = "<group>";
		};
		796760231E681FF700A66400 /* Cart */ = {
			isa = PBXGroup;
			children = (
				796760241E681FF700A66400 /* CartViewController.swift */,
			);
			path = Cart;
			sourceTree = "<group>";
		};
		796760251E681FF700A66400 /* Category */ = {
			isa = PBXGroup;
			children = (
				796760261E681FF700A66400 /* CategoryViewController.swift */,
			);
			path = Category;
			sourceTree = "<group>";
		};
		796760271E681FF700A66400 /* Home */ = {
			isa = PBXGroup;
			children = (
				796760281E681FF700A66400 /* HomeViewController.swift */,
				79E985DA1E72FB3500D76A95 /* DataPickerViewController.swift */,
				795A657F1E88FE020003071A /* HudProgressTableViewController.swift */,
			);
			path = Home;
			sourceTree = "<group>";
		};
		796760291E681FF700A66400 /* Mine */ = {
			isa = PBXGroup;
			children = (
				7967602A1E681FF700A66400 /* MineViewController.swift */,
			);
			path = Mine;
			sourceTree = "<group>";
		};
		7967602E1E681FF700A66400 /* Utils */ = {
			isa = PBXGroup;
			children = (
				7967602F1E681FF700A66400 /* GlobalFunctions.swift */,
				795A65811E8901F00003071A /* HUD */,
				790671A01E825991003C27D1 /* WebViewController */,
				792631FC1E78E56A00B8A391 /* Network */,
				796760511E6828AC00A66400 /* CycleView */,
				7967603B1E68222000A66400 /* Category */,
				796760301E681FF700A66400 /* LanguageTool */,
			);
			path = Utils;
			sourceTree = "<group>";
		};
		796760301E681FF700A66400 /* LanguageTool */ = {
			isa = PBXGroup;
			children = (
				796760311E681FF700A66400 /* LanguageTool.swift */,
			);
			path = LanguageTool;
			sourceTree = "<group>";
		};
		7967603B1E68222000A66400 /* Category */ = {
			isa = PBXGroup;
			children = (
				7967603D1E68222000A66400 /* UIColor+Extension.swift */,
				7967603E1E68222000A66400 /* UIImage+Extension.swift */,
				7967603F1E68222000A66400 /* UIView+Extension.swift */,
				793C57611E69460F002F7093 /* UIButton+Extension.swift */,
				793C57631E6946C1002F7093 /* UILabel+Extension.swift */,
				793C57651E69470D002F7093 /* UIImageView+Extension.swift */,
				7967603C1E68222000A66400 /* NSString+Extension.swift */,
				793C57671E694765002F7093 /* NSBundle+Extension.swift */,
				793C57691E6947C0002F7093 /* NSDate+Extension.swift */,
			);
			path = Category;
			sourceTree = "<group>";
		};
		796760511E6828AC00A66400 /* CycleView */ = {
			isa = PBXGroup;
			children = (
			);
			path = CycleView;
			sourceTree = "<group>";
		};
		79E985C01E72D4CD00D76A95 /* Public */ = {
			isa = PBXGroup;
			children = (
				79E985C11E72D4CD00D76A95 /* Base */,
				79E985C41E72D4CD00D76A95 /* Models */,
				79E985C61E72D4CD00D76A95 /* Modules */,
				79E985CD1E72D4CD00D76A95 /* Views */,
			);
			path = Public;
			sourceTree = "<group>";
		};
		79E985C11E72D4CD00D76A95 /* Base */ = {
			isa = PBXGroup;
			children = (
				79E985C31E72D4CD00D76A95 /* BaseProtocol.swift */,
			);
			path = Base;
			sourceTree = "<group>";
		};
		79E985C41E72D4CD00D76A95 /* Models */ = {
			isa = PBXGroup;
			children = (
				79E985C51E72D4CD00D76A95 /* BannerModel.swift */,
			);
			path = Models;
			sourceTree = "<group>";
		};
		79E985C61E72D4CD00D76A95 /* Modules */ = {
			isa = PBXGroup;
			children = (
			);
			path = Modules;
			sourceTree = "<group>";
		};
		79E985CD1E72D4CD00D76A95 /* Views */ = {
			isa = PBXGroup;
			children = (
				79E985CE1E72D4CD00D76A95 /* BannerView.swift */,
				79E985CF1E72D4CD00D76A95 /* PublicView.swift */,
				79E985D01E72D4CD00D76A95 /* SelectView.swift */,
			);
			path = Views;
			sourceTree = "<group>";
		};
/* End PBXGroup section */

/* Begin PBXNativeTarget section */
		79675FED1E681F8000A66400 /* TTAUtils_Swift */ = {
			isa = PBXNativeTarget;
			buildConfigurationList = 796760161E681F8000A66400 /* Build configuration list for PBXNativeTarget "TTAUtils_Swift" */;
			buildPhases = (
				9FB28BB5BC91D58DC0DA3941 /* [CP] Check Pods Manifest.lock */,
				79675FEA1E681F8000A66400 /* Sources */,
				79675FEB1E681F8000A66400 /* Frameworks */,
				79675FEC1E681F8000A66400 /* Resources */,
				B41281E9240E9A056375335A /* [CP] Embed Pods Frameworks */,
				315B1E8C1CBBA795493BA05F /* [CP] Copy Pods Resources */,
			);
			buildRules = (
			);
			dependencies = (
			);
			name = TTAUtils_Swift;
			productName = TTAUtils_Swift;
			productReference = 79675FEE1E681F8000A66400 /* TTAUtils_Swift.app */;
			productType = "com.apple.product-type.application";
		};
		796760011E681F8000A66400 /* TTAUtils_SwiftTests */ = {
			isa = PBXNativeTarget;
			buildConfigurationList = 796760191E681F8000A66400 /* Build configuration list for PBXNativeTarget "TTAUtils_SwiftTests" */;
			buildPhases = (
				F37CC0A8CEAC6B8C00D328D6 /* [CP] Check Pods Manifest.lock */,
				79675FFE1E681F8000A66400 /* Sources */,
				79675FFF1E681F8000A66400 /* Frameworks */,
				796760001E681F8000A66400 /* Resources */,
				325E15F42A936A5D644FA83F /* [CP] Embed Pods Frameworks */,
				48EB45D2E87DD4180AD17A6F /* [CP] Copy Pods Resources */,
			);
			buildRules = (
			);
			dependencies = (
				796760041E681F8000A66400 /* PBXTargetDependency */,
			);
			name = TTAUtils_SwiftTests;
			productName = TTAUtils_SwiftTests;
			productReference = 796760021E681F8000A66400 /* TTAUtils_SwiftTests.xctest */;
			productType = "com.apple.product-type.bundle.unit-test";
		};
		7967600C1E681F8000A66400 /* TTAUtils_SwiftUITests */ = {
			isa = PBXNativeTarget;
			buildConfigurationList = 7967601C1E681F8000A66400 /* Build configuration list for PBXNativeTarget "TTAUtils_SwiftUITests" */;
			buildPhases = (
				640AB84272FA82D35F31E5AC /* [CP] Check Pods Manifest.lock */,
				796760091E681F8000A66400 /* Sources */,
				7967600A1E681F8000A66400 /* Frameworks */,
				7967600B1E681F8000A66400 /* Resources */,
				E6619CD604D92F56B6A18C08 /* [CP] Embed Pods Frameworks */,
				F3E38F1730F8F14B5FCC1C35 /* [CP] Copy Pods Resources */,
			);
			buildRules = (
			);
			dependencies = (
				7967600F1E681F8000A66400 /* PBXTargetDependency */,
			);
			name = TTAUtils_SwiftUITests;
			productName = TTAUtils_SwiftUITests;
			productReference = 7967600D1E681F8000A66400 /* TTAUtils_SwiftUITests.xctest */;
			productType = "com.apple.product-type.bundle.ui-testing";
		};
/* End PBXNativeTarget section */

/* Begin PBXProject section */
		79675FE61E681F8000A66400 /* Project object */ = {
			isa = PBXProject;
			attributes = {
				LastSwiftUpdateCheck = 0820;
				LastUpgradeCheck = 0820;
				ORGANIZATIONNAME = TobyoTenma;
				TargetAttributes = {
					79675FED1E681F8000A66400 = {
						CreatedOnToolsVersion = 8.2.1;
						DevelopmentTeam = 269MX6V6T9;
						LastSwiftMigration = 0820;
						ProvisioningStyle = Automatic;
					};
					796760011E681F8000A66400 = {
						CreatedOnToolsVersion = 8.2.1;
						DevelopmentTeam = 269MX6V6T9;
						ProvisioningStyle = Automatic;
						TestTargetID = 79675FED1E681F8000A66400;
					};
					7967600C1E681F8000A66400 = {
						CreatedOnToolsVersion = 8.2.1;
						DevelopmentTeam = 269MX6V6T9;
						ProvisioningStyle = Automatic;
						TestTargetID = 79675FED1E681F8000A66400;
					};
				};
			};
			buildConfigurationList = 79675FE91E681F8000A66400 /* Build configuration list for PBXProject "TTAUtils_Swift" */;
			compatibilityVersion = "Xcode 3.2";
			developmentRegion = English;
			hasScannedForEncodings = 0;
			knownRegions = (
				en,
				Base,
				"zh-Hans",
			);
			mainGroup = 79675FE51E681F8000A66400;
			productRefGroup = 79675FEF1E681F8000A66400 /* Products */;
			projectDirPath = "";
			projectRoot = "";
			targets = (
				79675FED1E681F8000A66400 /* TTAUtils_Swift */,
				796760011E681F8000A66400 /* TTAUtils_SwiftTests */,
				7967600C1E681F8000A66400 /* TTAUtils_SwiftUITests */,
			);
		};
/* End PBXProject section */

/* Begin PBXResourcesBuildPhase section */
		79675FEC1E681F8000A66400 /* Resources */ = {
			isa = PBXResourcesBuildPhase;
			buildActionMask = 2147483647;
			files = (
				790671A41E826EEF003C27D1 /* Test.html in Resources */,
				79675FFC1E681F8000A66400 /* LaunchScreen.storyboard in Resources */,
				7967604D1E68232900A66400 /* Localizable.strings in Resources */,
				796760491E68230600A66400 /* InfoPlist.strings in Resources */,
				79675FF91E681F8000A66400 /* Assets.xcassets in Resources */,
			);
			runOnlyForDeploymentPostprocessing = 0;
		};
		796760001E681F8000A66400 /* Resources */ = {
			isa = PBXResourcesBuildPhase;
			buildActionMask = 2147483647;
			files = (
			);
			runOnlyForDeploymentPostprocessing = 0;
		};
		7967600B1E681F8000A66400 /* Resources */ = {
			isa = PBXResourcesBuildPhase;
			buildActionMask = 2147483647;
			files = (
			);
			runOnlyForDeploymentPostprocessing = 0;
		};
/* End PBXResourcesBuildPhase section */

/* Begin PBXShellScriptBuildPhase section */
		315B1E8C1CBBA795493BA05F /* [CP] Copy Pods Resources */ = {
			isa = PBXShellScriptBuildPhase;
			buildActionMask = 2147483647;
			files = (
			);
			inputPaths = (
			);
			name = "[CP] Copy Pods Resources";
			outputPaths = (
			);
			runOnlyForDeploymentPostprocessing = 0;
			shellPath = /bin/sh;
			shellScript = "\"${SRCROOT}/Pods/Target Support Files/Pods-TTAUtils_Swift/Pods-TTAUtils_Swift-resources.sh\"\n";
			showEnvVarsInLog = 0;
		};
		325E15F42A936A5D644FA83F /* [CP] Embed Pods Frameworks */ = {
			isa = PBXShellScriptBuildPhase;
			buildActionMask = 2147483647;
			files = (
			);
			inputPaths = (
			);
			name = "[CP] Embed Pods Frameworks";
			outputPaths = (
			);
			runOnlyForDeploymentPostprocessing = 0;
			shellPath = /bin/sh;
			shellScript = "\"${SRCROOT}/Pods/Target Support Files/Pods-TTAUtils_SwiftTests/Pods-TTAUtils_SwiftTests-frameworks.sh\"\n";
			showEnvVarsInLog = 0;
		};
		48EB45D2E87DD4180AD17A6F /* [CP] Copy Pods Resources */ = {
			isa = PBXShellScriptBuildPhase;
			buildActionMask = 2147483647;
			files = (
			);
			inputPaths = (
			);
			name = "[CP] Copy Pods Resources";
			outputPaths = (
			);
			runOnlyForDeploymentPostprocessing = 0;
			shellPath = /bin/sh;
			shellScript = "\"${SRCROOT}/Pods/Target Support Files/Pods-TTAUtils_SwiftTests/Pods-TTAUtils_SwiftTests-resources.sh\"\n";
			showEnvVarsInLog = 0;
		};
		640AB84272FA82D35F31E5AC /* [CP] Check Pods Manifest.lock */ = {
			isa = PBXShellScriptBuildPhase;
			buildActionMask = 2147483647;
			files = (
			);
			inputPaths = (
			);
			name = "[CP] Check Pods Manifest.lock";
			outputPaths = (
			);
			runOnlyForDeploymentPostprocessing = 0;
			shellPath = /bin/sh;
			shellScript = "diff \"${PODS_ROOT}/../Podfile.lock\" \"${PODS_ROOT}/Manifest.lock\" > /dev/null\nif [ $? != 0 ] ; then\n    # print error to STDERR\n    echo \"error: The sandbox is not in sync with the Podfile.lock. Run 'pod install' or update your CocoaPods installation.\" >&2\n    exit 1\nfi\n";
			showEnvVarsInLog = 0;
		};
		9FB28BB5BC91D58DC0DA3941 /* [CP] Check Pods Manifest.lock */ = {
			isa = PBXShellScriptBuildPhase;
			buildActionMask = 2147483647;
			files = (
			);
			inputPaths = (
			);
			name = "[CP] Check Pods Manifest.lock";
			outputPaths = (
			);
			runOnlyForDeploymentPostprocessing = 0;
			shellPath = /bin/sh;
			shellScript = "diff \"${PODS_ROOT}/../Podfile.lock\" \"${PODS_ROOT}/Manifest.lock\" > /dev/null\nif [ $? != 0 ] ; then\n    # print error to STDERR\n    echo \"error: The sandbox is not in sync with the Podfile.lock. Run 'pod install' or update your CocoaPods installation.\" >&2\n    exit 1\nfi\n";
			showEnvVarsInLog = 0;
		};
		B41281E9240E9A056375335A /* [CP] Embed Pods Frameworks */ = {
			isa = PBXShellScriptBuildPhase;
			buildActionMask = 2147483647;
			files = (
			);
			inputPaths = (
			);
			name = "[CP] Embed Pods Frameworks";
			outputPaths = (
			);
			runOnlyForDeploymentPostprocessing = 0;
			shellPath = /bin/sh;
			shellScript = "\"${SRCROOT}/Pods/Target Support Files/Pods-TTAUtils_Swift/Pods-TTAUtils_Swift-frameworks.sh\"\n";
			showEnvVarsInLog = 0;
		};
		E6619CD604D92F56B6A18C08 /* [CP] Embed Pods Frameworks */ = {
			isa = PBXShellScriptBuildPhase;
			buildActionMask = 2147483647;
			files = (
			);
			inputPaths = (
			);
			name = "[CP] Embed Pods Frameworks";
			outputPaths = (
			);
			runOnlyForDeploymentPostprocessing = 0;
			shellPath = /bin/sh;
			shellScript = "\"${SRCROOT}/Pods/Target Support Files/Pods-TTAUtils_SwiftUITests/Pods-TTAUtils_SwiftUITests-frameworks.sh\"\n";
			showEnvVarsInLog = 0;
		};
		F37CC0A8CEAC6B8C00D328D6 /* [CP] Check Pods Manifest.lock */ = {
			isa = PBXShellScriptBuildPhase;
			buildActionMask = 2147483647;
			files = (
			);
			inputPaths = (
			);
			name = "[CP] Check Pods Manifest.lock";
			outputPaths = (
			);
			runOnlyForDeploymentPostprocessing = 0;
			shellPath = /bin/sh;
			shellScript = "diff \"${PODS_ROOT}/../Podfile.lock\" \"${PODS_ROOT}/Manifest.lock\" > /dev/null\nif [ $? != 0 ] ; then\n    # print error to STDERR\n    echo \"error: The sandbox is not in sync with the Podfile.lock. Run 'pod install' or update your CocoaPods installation.\" >&2\n    exit 1\nfi\n";
			showEnvVarsInLog = 0;
		};
		F3E38F1730F8F14B5FCC1C35 /* [CP] Copy Pods Resources */ = {
			isa = PBXShellScriptBuildPhase;
			buildActionMask = 2147483647;
			files = (
			);
			inputPaths = (
			);
			name = "[CP] Copy Pods Resources";
			outputPaths = (
			);
			runOnlyForDeploymentPostprocessing = 0;
			shellPath = /bin/sh;
			shellScript = "\"${SRCROOT}/Pods/Target Support Files/Pods-TTAUtils_SwiftUITests/Pods-TTAUtils_SwiftUITests-resources.sh\"\n";
			showEnvVarsInLog = 0;
		};
/* End PBXShellScriptBuildPhase section */

/* Begin PBXSourcesBuildPhase section */
		79675FEA1E681F8000A66400 /* Sources */ = {
			isa = PBXSourcesBuildPhase;
			buildActionMask = 2147483647;
			files = (
				796760321E681FF700A66400 /* CartViewController.swift in Sources */,
				796760421E68222000A66400 /* UIImage+Extension.swift in Sources */,
				796760361E681FF700A66400 /* CostumConfiguration.swift in Sources */,
				796760381E681FF700A66400 /* MainTabBarController.swift in Sources */,
				796760331E681FF700A66400 /* CategoryViewController.swift in Sources */,
				795A65831E8902040003071A /* TTAHUD.swift in Sources */,
				793C57621E69460F002F7093 /* UIButton+Extension.swift in Sources */,
				792632071E78E5C100B8A391 /* ApiResponse.swift in Sources */,
				793C576A1E6947C0002F7093 /* NSDate+Extension.swift in Sources */,
				796760411E68222000A66400 /* UIColor+Extension.swift in Sources */,
				792632061E78E5C100B8A391 /* ApiManager.swift in Sources */,
				79E985D31E72D4CD00D76A95 /* BannerModel.swift in Sources */,
				790671A21E825A08003C27D1 /* TTAWebViewController.swift in Sources */,
				796760401E68222000A66400 /* NSString+Extension.swift in Sources */,
				790671A61E8283C0003C27D1 /* TTAWebViewController+UI.swift in Sources */,
				793C57641E6946C1002F7093 /* UILabel+Extension.swift in Sources */,
				795A65801E88FE020003071A /* HudProgressTableViewController.swift in Sources */,
				79E985D81E72D4CD00D76A95 /* PublicView.swift in Sources */,
				790671A81E82844A003C27D1 /* WeakScriptMessageHandler.swift in Sources */,
				792632091E78EF5500B8A391 /* MainService.swift in Sources */,
				796760431E68222000A66400 /* UIView+Extension.swift in Sources */,
				790671AC1E82866F003C27D1 /* TTAWebViewController+WKUIDelegate.swift in Sources */,
				793C57681E694765002F7093 /* NSBundle+Extension.swift in Sources */,
				796760371E681FF700A66400 /* CostumViewControllers.swift in Sources */,
				796760211E681FDB00A66400 /* AppDelegate.swift in Sources */,
				796760341E681FF700A66400 /* HomeViewController.swift in Sources */,
				790671AA1E828645003C27D1 /* TTAWebViewController+WKScriptMessageHandler.swift in Sources */,
				79E985D71E72D4CD00D76A95 /* BannerView.swift in Sources */,
				790671AE1E828696003C27D1 /* TTAWebViewController+WKNavigationDelegate.swift in Sources */,
				79E985D91E72D4CD00D76A95 /* SelectView.swift in Sources */,
				79E985D21E72D4CD00D76A95 /* BaseProtocol.swift in Sources */,
				7967603A1E681FF700A66400 /* LanguageTool.swift in Sources */,
				793C57661E69470D002F7093 /* UIImageView+Extension.swift in Sources */,
				79E985DB1E72FB3500D76A95 /* DataPickerViewController.swift in Sources */,
				796760351E681FF700A66400 /* MineViewController.swift in Sources */,
				796760391E681FF700A66400 /* GlobalFunctions.swift in Sources */,
			);
			runOnlyForDeploymentPostprocessing = 0;
		};
		79675FFE1E681F8000A66400 /* Sources */ = {
			isa = PBXSourcesBuildPhase;
			buildActionMask = 2147483647;
			files = (
				790F3B911E77B583003AF340 /* NetworkTest.swift in Sources */,
				796760071E681F8000A66400 /* TTAUtils_SwiftTests.swift in Sources */,
			);
			runOnlyForDeploymentPostprocessing = 0;
		};
		796760091E681F8000A66400 /* Sources */ = {
			isa = PBXSourcesBuildPhase;
			buildActionMask = 2147483647;
			files = (
				796760121E681F8000A66400 /* TTAUtils_SwiftUITests.swift in Sources */,
			);
			runOnlyForDeploymentPostprocessing = 0;
		};
/* End PBXSourcesBuildPhase section */

/* Begin PBXTargetDependency section */
		796760041E681F8000A66400 /* PBXTargetDependency */ = {
			isa = PBXTargetDependency;
			target = 79675FED1E681F8000A66400 /* TTAUtils_Swift */;
			targetProxy = 796760031E681F8000A66400 /* PBXContainerItemProxy */;
		};
		7967600F1E681F8000A66400 /* PBXTargetDependency */ = {
			isa = PBXTargetDependency;
			target = 79675FED1E681F8000A66400 /* TTAUtils_Swift */;
			targetProxy = 7967600E1E681F8000A66400 /* PBXContainerItemProxy */;
		};
/* End PBXTargetDependency section */

/* Begin PBXVariantGroup section */
		79675FFA1E681F8000A66400 /* LaunchScreen.storyboard */ = {
			isa = PBXVariantGroup;
			children = (
				79675FFB1E681F8000A66400 /* Base */,
				796760481E6822F400A66400 /* zh-Hans */,
			);
			name = LaunchScreen.storyboard;
			sourceTree = "<group>";
		};
		7967604B1E68230600A66400 /* InfoPlist.strings */ = {
			isa = PBXVariantGroup;
			children = (
				7967604A1E68230600A66400 /* en */,
				7967604C1E68230900A66400 /* zh-Hans */,
			);
			name = InfoPlist.strings;
			sourceTree = "<group>";
		};
		7967604F1E68232900A66400 /* Localizable.strings */ = {
			isa = PBXVariantGroup;
			children = (
				7967604E1E68232900A66400 /* en */,
				796760501E68232B00A66400 /* zh-Hans */,
			);
			name = Localizable.strings;
			sourceTree = "<group>";
		};
/* End PBXVariantGroup section */

/* Begin XCBuildConfiguration section */
		796760141E681F8000A66400 /* Debug */ = {
			isa = XCBuildConfiguration;
			buildSettings = {
				ALWAYS_SEARCH_USER_PATHS = NO;
				CLANG_ANALYZER_LOCALIZABILITY_NONLOCALIZED = YES;
				CLANG_ANALYZER_NONNULL = YES;
				CLANG_CXX_LANGUAGE_STANDARD = "gnu++0x";
				CLANG_CXX_LIBRARY = "libc++";
				CLANG_ENABLE_MODULES = YES;
				CLANG_ENABLE_OBJC_ARC = YES;
				CLANG_WARN_BOOL_CONVERSION = YES;
				CLANG_WARN_CONSTANT_CONVERSION = YES;
				CLANG_WARN_DIRECT_OBJC_ISA_USAGE = YES_ERROR;
				CLANG_WARN_DOCUMENTATION_COMMENTS = YES;
				CLANG_WARN_EMPTY_BODY = YES;
				CLANG_WARN_ENUM_CONVERSION = YES;
				CLANG_WARN_INFINITE_RECURSION = YES;
				CLANG_WARN_INT_CONVERSION = YES;
				CLANG_WARN_OBJC_ROOT_CLASS = YES_ERROR;
				CLANG_WARN_SUSPICIOUS_MOVE = YES;
				CLANG_WARN_UNREACHABLE_CODE = YES;
				CLANG_WARN__DUPLICATE_METHOD_MATCH = YES;
				"CODE_SIGN_IDENTITY[sdk=iphoneos*]" = "iPhone Developer";
				COPY_PHASE_STRIP = NO;
				DEBUG_INFORMATION_FORMAT = dwarf;
				ENABLE_STRICT_OBJC_MSGSEND = YES;
				ENABLE_TESTABILITY = YES;
				GCC_C_LANGUAGE_STANDARD = gnu99;
				GCC_DYNAMIC_NO_PIC = NO;
				GCC_NO_COMMON_BLOCKS = YES;
				GCC_OPTIMIZATION_LEVEL = 0;
				GCC_PREPROCESSOR_DEFINITIONS = (
					"DEBUG=1",
					"$(inherited)",
				);
				GCC_WARN_64_TO_32_BIT_CONVERSION = YES;
				GCC_WARN_ABOUT_RETURN_TYPE = YES_ERROR;
				GCC_WARN_UNDECLARED_SELECTOR = YES;
				GCC_WARN_UNINITIALIZED_AUTOS = YES_AGGRESSIVE;
				GCC_WARN_UNUSED_FUNCTION = YES;
				GCC_WARN_UNUSED_VARIABLE = YES;
				IPHONEOS_DEPLOYMENT_TARGET = 10.2;
				MTL_ENABLE_DEBUG_INFO = YES;
				ONLY_ACTIVE_ARCH = YES;
				SDKROOT = iphoneos;
				SWIFT_ACTIVE_COMPILATION_CONDITIONS = DEBUG;
				SWIFT_OPTIMIZATION_LEVEL = "-Onone";
				TARGETED_DEVICE_FAMILY = "1,2";
			};
			name = Debug;
		};
		796760151E681F8000A66400 /* Release */ = {
			isa = XCBuildConfiguration;
			buildSettings = {
				ALWAYS_SEARCH_USER_PATHS = NO;
				CLANG_ANALYZER_LOCALIZABILITY_NONLOCALIZED = YES;
				CLANG_ANALYZER_NONNULL = YES;
				CLANG_CXX_LANGUAGE_STANDARD = "gnu++0x";
				CLANG_CXX_LIBRARY = "libc++";
				CLANG_ENABLE_MODULES = YES;
				CLANG_ENABLE_OBJC_ARC = YES;
				CLANG_WARN_BOOL_CONVERSION = YES;
				CLANG_WARN_CONSTANT_CONVERSION = YES;
				CLANG_WARN_DIRECT_OBJC_ISA_USAGE = YES_ERROR;
				CLANG_WARN_DOCUMENTATION_COMMENTS = YES;
				CLANG_WARN_EMPTY_BODY = YES;
				CLANG_WARN_ENUM_CONVERSION = YES;
				CLANG_WARN_INFINITE_RECURSION = YES;
				CLANG_WARN_INT_CONVERSION = YES;
				CLANG_WARN_OBJC_ROOT_CLASS = YES_ERROR;
				CLANG_WARN_SUSPICIOUS_MOVE = YES;
				CLANG_WARN_UNREACHABLE_CODE = YES;
				CLANG_WARN__DUPLICATE_METHOD_MATCH = YES;
				"CODE_SIGN_IDENTITY[sdk=iphoneos*]" = "iPhone Developer";
				COPY_PHASE_STRIP = NO;
				DEBUG_INFORMATION_FORMAT = "dwarf-with-dsym";
				ENABLE_NS_ASSERTIONS = NO;
				ENABLE_STRICT_OBJC_MSGSEND = YES;
				GCC_C_LANGUAGE_STANDARD = gnu99;
				GCC_NO_COMMON_BLOCKS = YES;
				GCC_WARN_64_TO_32_BIT_CONVERSION = YES;
				GCC_WARN_ABOUT_RETURN_TYPE = YES_ERROR;
				GCC_WARN_UNDECLARED_SELECTOR = YES;
				GCC_WARN_UNINITIALIZED_AUTOS = YES_AGGRESSIVE;
				GCC_WARN_UNUSED_FUNCTION = YES;
				GCC_WARN_UNUSED_VARIABLE = YES;
				IPHONEOS_DEPLOYMENT_TARGET = 10.2;
				MTL_ENABLE_DEBUG_INFO = NO;
				SDKROOT = iphoneos;
				SWIFT_OPTIMIZATION_LEVEL = "-Owholemodule";
				TARGETED_DEVICE_FAMILY = "1,2";
				VALIDATE_PRODUCT = YES;
			};
			name = Release;
		};
		796760171E681F8000A66400 /* Debug */ = {
			isa = XCBuildConfiguration;
			baseConfigurationReference = 23C3D0CD285F6EDEF1DFF398 /* Pods-TTAUtils_Swift.debug.xcconfig */;
			buildSettings = {
				ASSETCATALOG_COMPILER_APPICON_NAME = AppIcon;
				CLANG_ENABLE_MODULES = YES;
				DEVELOPMENT_TEAM = 269MX6V6T9;
				INFOPLIST_FILE = TTAUtils_Swift/Info.plist;
				IPHONEOS_DEPLOYMENT_TARGET = 8.0;
				LD_RUNPATH_SEARCH_PATHS = "$(inherited) @executable_path/Frameworks";
				PRODUCT_BUNDLE_IDENTIFIER = "win.tobyotenma.www.TTAUtils-Swift";
				PRODUCT_NAME = "$(TARGET_NAME)";
				SWIFT_OBJC_BRIDGING_HEADER = "TTAUtils_Swift/TTAUtils_Swift-Bridging-Header.h";
				SWIFT_OPTIMIZATION_LEVEL = "-Onone";
				SWIFT_VERSION = 3.0;
			};
			name = Debug;
		};
		796760181E681F8000A66400 /* Release */ = {
			isa = XCBuildConfiguration;
			baseConfigurationReference = 466F2560CF23E79C6C262B31 /* Pods-TTAUtils_Swift.release.xcconfig */;
			buildSettings = {
				ASSETCATALOG_COMPILER_APPICON_NAME = AppIcon;
				CLANG_ENABLE_MODULES = YES;
				DEVELOPMENT_TEAM = 269MX6V6T9;
				INFOPLIST_FILE = TTAUtils_Swift/Info.plist;
				IPHONEOS_DEPLOYMENT_TARGET = 8.0;
				LD_RUNPATH_SEARCH_PATHS = "$(inherited) @executable_path/Frameworks";
				PRODUCT_BUNDLE_IDENTIFIER = "win.tobyotenma.www.TTAUtils-Swift";
				PRODUCT_NAME = "$(TARGET_NAME)";
				SWIFT_OBJC_BRIDGING_HEADER = "TTAUtils_Swift/TTAUtils_Swift-Bridging-Header.h";
				SWIFT_VERSION = 3.0;
			};
			name = Release;
		};
		7967601A1E681F8000A66400 /* Debug */ = {
			isa = XCBuildConfiguration;
			baseConfigurationReference = DE1DA13B6E23BB4AEABFCB29 /* Pods-TTAUtils_SwiftTests.debug.xcconfig */;
			buildSettings = {
				ALWAYS_EMBED_SWIFT_STANDARD_LIBRARIES = YES;
				BUNDLE_LOADER = "$(TEST_HOST)";
				DEVELOPMENT_TEAM = 269MX6V6T9;
				INFOPLIST_FILE = TTAUtils_SwiftTests/Info.plist;
				LD_RUNPATH_SEARCH_PATHS = "$(inherited) @executable_path/Frameworks @loader_path/Frameworks";
				PRODUCT_BUNDLE_IDENTIFIER = "win.tobyotenma.www.TTAUtils-SwiftTests";
				PRODUCT_NAME = "$(TARGET_NAME)";
				SWIFT_VERSION = 3.0;
				TEST_HOST = "$(BUILT_PRODUCTS_DIR)/TTAUtils_Swift.app/TTAUtils_Swift";
			};
			name = Debug;
		};
		7967601B1E681F8000A66400 /* Release */ = {
			isa = XCBuildConfiguration;
			baseConfigurationReference = 8423B5B9B23298082F78D2BC /* Pods-TTAUtils_SwiftTests.release.xcconfig */;
			buildSettings = {
				ALWAYS_EMBED_SWIFT_STANDARD_LIBRARIES = YES;
				BUNDLE_LOADER = "$(TEST_HOST)";
				DEVELOPMENT_TEAM = 269MX6V6T9;
				INFOPLIST_FILE = TTAUtils_SwiftTests/Info.plist;
				LD_RUNPATH_SEARCH_PATHS = "$(inherited) @executable_path/Frameworks @loader_path/Frameworks";
				PRODUCT_BUNDLE_IDENTIFIER = "win.tobyotenma.www.TTAUtils-SwiftTests";
				PRODUCT_NAME = "$(TARGET_NAME)";
				SWIFT_VERSION = 3.0;
				TEST_HOST = "$(BUILT_PRODUCTS_DIR)/TTAUtils_Swift.app/TTAUtils_Swift";
			};
			name = Release;
		};
		7967601D1E681F8000A66400 /* Debug */ = {
			isa = XCBuildConfiguration;
			baseConfigurationReference = 6D36BC0FF968F2A6596CDA8D /* Pods-TTAUtils_SwiftUITests.debug.xcconfig */;
			buildSettings = {
				ALWAYS_EMBED_SWIFT_STANDARD_LIBRARIES = YES;
				DEVELOPMENT_TEAM = 269MX6V6T9;
				INFOPLIST_FILE = TTAUtils_SwiftUITests/Info.plist;
				LD_RUNPATH_SEARCH_PATHS = "$(inherited) @executable_path/Frameworks @loader_path/Frameworks";
				PRODUCT_BUNDLE_IDENTIFIER = "win.tobyotenma.www.TTAUtils-SwiftUITests";
				PRODUCT_NAME = "$(TARGET_NAME)";
				SWIFT_VERSION = 3.0;
				TEST_TARGET_NAME = TTAUtils_Swift;
			};
			name = Debug;
		};
		7967601E1E681F8000A66400 /* Release */ = {
			isa = XCBuildConfiguration;
			baseConfigurationReference = 2736560FCD96B35DFD530688 /* Pods-TTAUtils_SwiftUITests.release.xcconfig */;
			buildSettings = {
				ALWAYS_EMBED_SWIFT_STANDARD_LIBRARIES = YES;
				DEVELOPMENT_TEAM = 269MX6V6T9;
				INFOPLIST_FILE = TTAUtils_SwiftUITests/Info.plist;
				LD_RUNPATH_SEARCH_PATHS = "$(inherited) @executable_path/Frameworks @loader_path/Frameworks";
				PRODUCT_BUNDLE_IDENTIFIER = "win.tobyotenma.www.TTAUtils-SwiftUITests";
				PRODUCT_NAME = "$(TARGET_NAME)";
				SWIFT_VERSION = 3.0;
				TEST_TARGET_NAME = TTAUtils_Swift;
			};
			name = Release;
		};
/* End XCBuildConfiguration section */

/* Begin XCConfigurationList section */
		79675FE91E681F8000A66400 /* Build configuration list for PBXProject "TTAUtils_Swift" */ = {
			isa = XCConfigurationList;
			buildConfigurations = (
				796760141E681F8000A66400 /* Debug */,
				796760151E681F8000A66400 /* Release */,
			);
			defaultConfigurationIsVisible = 0;
			defaultConfigurationName = Release;
		};
		796760161E681F8000A66400 /* Build configuration list for PBXNativeTarget "TTAUtils_Swift" */ = {
			isa = XCConfigurationList;
			buildConfigurations = (
				796760171E681F8000A66400 /* Debug */,
				796760181E681F8000A66400 /* Release */,
			);
			defaultConfigurationIsVisible = 0;
			defaultConfigurationName = Release;
		};
		796760191E681F8000A66400 /* Build configuration list for PBXNativeTarget "TTAUtils_SwiftTests" */ = {
			isa = XCConfigurationList;
			buildConfigurations = (
				7967601A1E681F8000A66400 /* Debug */,
				7967601B1E681F8000A66400 /* Release */,
			);
			defaultConfigurationIsVisible = 0;
			defaultConfigurationName = Release;
		};
		7967601C1E681F8000A66400 /* Build configuration list for PBXNativeTarget "TTAUtils_SwiftUITests" */ = {
			isa = XCConfigurationList;
			buildConfigurations = (
				7967601D1E681F8000A66400 /* Debug */,
				7967601E1E681F8000A66400 /* Release */,
			);
			defaultConfigurationIsVisible = 0;
			defaultConfigurationName = Release;
		};
/* End XCConfigurationList section */
	};
	rootObject = 79675FE61E681F8000A66400 /* Project object */;
}
